
Microsoft Visual Studio Solution File, Format Version 12.00
# Visual Studio Version 17
VisualStudioVersion = 17.9.34728.123
MinimumVisualStudioVersion = 10.0.40219.1
Project("{FAE04EC0-301F-11D3-BF4B-00C04F79EFBC}") = "ConsoleDocker", "ConsoleDocker\ConsoleDocker.csproj", "{CC12E2F6-1F62-43C9-AF8E-8D5151530981}"
EndProject
Global
	GlobalSection(SolutionConfigurationPlatforms) = preSolution
		Debug|Any CPU = Debug|Any CPU
		Release|Any CPU = Release|Any CPU
	EndGlobalSection
	GlobalSection(ProjectConfigurationPlatforms) = postSolution
		{CC12E2F6-1F62-43C9-AF8E-8D5151530981}.Debug|Any CPU.ActiveCfg = Debug|Any CPU
		{CC12E2F6-1F62-43C9-AF8E-8D5151530981}.Debug|Any CPU.Build.0 = Debug|Any CPU
		{CC12E2F6-1F62-43C9-AF8E-8D5151530981}.Release|Any CPU.ActiveCfg = Release|Any CPU
		{CC12E2F6-1F62-43C9-AF8E-8D5151530981}.Release|Any CPU.Build.0 = Release|Any CPU
	EndGlobalSection
	GlobalSection(SolutionProperties) = preSolution
		HideSolutionNode = FALSE
	EndGlobalSection
	GlobalSection(ExtensibilityGlobals) = postSolution
		SolutionGuid = {BF2C4DC8-DB6A-4D80-9198-5CABBC44B092}
	EndGlobalSection
EndGlobal
